
Microsoft Visual Studio Solution File, Format Version 12.00
# Visual Studio Version 17
VisualStudioVersion = 17.2.32526.322
MinimumVisualStudioVersion = 10.0.40219.1
Project("{9A19103F-16F7-4668-BE54-9A1E7A4F7556}") = "Test", "Test.csproj", "{5C64040C-9437-4B19-85DC-C44446CDCB38}"
EndProject
Global
	GlobalSection(SolutionConfigurationPlatforms) = preSolution
		Debug|Any CPU = Debug|Any CPU
		Release|Any CPU = Release|Any CPU
	EndGlobalSection
	GlobalSection(ProjectConfigurationPlatforms) = postSolution
		{5C64040C-9437-4B19-85DC-C44446CDCB38}.Debug|Any CPU.ActiveCfg = Debug|Any CPU
		{5C64040C-9437-4B19-85DC-C44446CDCB38}.Debug|Any CPU.Build.0 = Debug|Any CPU
		{5C64040C-9437-4B19-85DC-C44446CDCB38}.Release|Any CPU.ActiveCfg = Release|Any CPU
		{5C64040C-9437-4B19-85DC-C44446CDCB38}.Release|Any CPU.Build.0 = Release|Any CPU
	EndGlobalSection
	GlobalSection(SolutionProperties) = preSolution
		HideSolutionNode = FALSE
	EndGlobalSection
	GlobalSection(ExtensibilityGlobals) = postSolution
		SolutionGuid = {FE6567E3-9CA7-4465-A5C6-1B8C70648BD9}
	EndGlobalSection
EndGlobal
